
Microsoft Visual Studio Solution File, Format Version 12.00
# Visual Studio Version 16
VisualStudioVersion = 16.0.29911.84
MinimumVisualStudioVersion = 10.0.40219.1
Project("{FAE04EC0-301F-11D3-BF4B-00C04F79EFBC}") = "es 15", "es 15.csproj", "{F426BDAB-2C0F-4B53-9003-94C66DC9A492}"
EndProject
Global
	GlobalSection(SolutionConfigurationPlatforms) = preSolution
		Debug|Any CPU = Debug|Any CPU
		Release|Any CPU = Release|Any CPU
	EndGlobalSection
	GlobalSection(ProjectConfigurationPlatforms) = postSolution
		{F426BDAB-2C0F-4B53-9003-94C66DC9A492}.Debug|Any CPU.ActiveCfg = Debug|Any CPU
		{F426BDAB-2C0F-4B53-9003-94C66DC9A492}.Debug|Any CPU.Build.0 = Debug|Any CPU
		{F426BDAB-2C0F-4B53-9003-94C66DC9A492}.Release|Any CPU.ActiveCfg = Release|Any CPU
		{F426BDAB-2C0F-4B53-9003-94C66DC9A492}.Release|Any CPU.Build.0 = Release|Any CPU
	EndGlobalSection
	GlobalSection(SolutionProperties) = preSolution
		HideSolutionNode = FALSE
	EndGlobalSection
	GlobalSection(ExtensibilityGlobals) = postSolution
		SolutionGuid = {DA78D38F-16A3-4726-8CAF-A072360CA3DE}
	EndGlobalSection
EndGlobal
