
Microsoft Visual Studio Solution File, Format Version 12.00
# Visual Studio Version 16
VisualStudioVersion = 16.0.30907.101
MinimumVisualStudioVersion = 10.0.40219.1
Project("{FAE04EC0-301F-11D3-BF4B-00C04F79EFBC}") = "WpfApp1 Timer", "WpfApp1 Timer\WpfApp1 Timer.csproj", "{77531F77-98FD-4A0A-BD8B-9EB41067B763}"
EndProject
Global
	GlobalSection(SolutionConfigurationPlatforms) = preSolution
		Debug|Any CPU = Debug|Any CPU
		Release|Any CPU = Release|Any CPU
	EndGlobalSection
	GlobalSection(ProjectConfigurationPlatforms) = postSolution
		{77531F77-98FD-4A0A-BD8B-9EB41067B763}.Debug|Any CPU.ActiveCfg = Debug|Any CPU
		{77531F77-98FD-4A0A-BD8B-9EB41067B763}.Debug|Any CPU.Build.0 = Debug|Any CPU
		{77531F77-98FD-4A0A-BD8B-9EB41067B763}.Release|Any CPU.ActiveCfg = Release|Any CPU
		{77531F77-98FD-4A0A-BD8B-9EB41067B763}.Release|Any CPU.Build.0 = Release|Any CPU
	EndGlobalSection
	GlobalSection(SolutionProperties) = preSolution
		HideSolutionNode = FALSE
	EndGlobalSection
	GlobalSection(ExtensibilityGlobals) = postSolution
		SolutionGuid = {2CFF245F-C01C-467C-991C-9C6A60DFC4A8}
	EndGlobalSection
EndGlobal
