
Microsoft Visual Studio Solution File, Format Version 12.00
# Visual Studio Version 16
VisualStudioVersion = 16.0.30907.101
MinimumVisualStudioVersion = 10.0.40219.1
Project("{FAE04EC0-301F-11D3-BF4B-00C04F79EFBC}") = "WpfApp1 ListaSpesa", "WpfApp1 ListaSpesa\WpfApp1 ListaSpesa.csproj", "{589BA687-FB8F-4B81-99AF-73674E4C0581}"
EndProject
Global
	GlobalSection(SolutionConfigurationPlatforms) = preSolution
		Debug|Any CPU = Debug|Any CPU
		Release|Any CPU = Release|Any CPU
	EndGlobalSection
	GlobalSection(ProjectConfigurationPlatforms) = postSolution
		{589BA687-FB8F-4B81-99AF-73674E4C0581}.Debug|Any CPU.ActiveCfg = Debug|Any CPU
		{589BA687-FB8F-4B81-99AF-73674E4C0581}.Debug|Any CPU.Build.0 = Debug|Any CPU
		{589BA687-FB8F-4B81-99AF-73674E4C0581}.Release|Any CPU.ActiveCfg = Release|Any CPU
		{589BA687-FB8F-4B81-99AF-73674E4C0581}.Release|Any CPU.Build.0 = Release|Any CPU
	EndGlobalSection
	GlobalSection(SolutionProperties) = preSolution
		HideSolutionNode = FALSE
	EndGlobalSection
	GlobalSection(ExtensibilityGlobals) = postSolution
		SolutionGuid = {33DBB31A-0A58-4316-B006-0806A708B1B0}
	EndGlobalSection
EndGlobal
